
Microsoft Visual Studio Solution File, Format Version 12.00
# Visual Studio 15
VisualStudioVersion = 15.0.28307.572
MinimumVisualStudioVersion = 10.0.40219.1
Project("{FAE04EC0-301F-11D3-BF4B-00C04F79EFBC}") = "ToroDesafio", "ToroDesafio\ToroDesafio.csproj", "{EBEF8CE1-8AD1-4726-B142-1E3F0E180A54}"
EndProject
Global
	GlobalSection(SolutionConfigurationPlatforms) = preSolution
		Debug|Any CPU = Debug|Any CPU
		Release|Any CPU = Release|Any CPU
	EndGlobalSection
	GlobalSection(ProjectConfigurationPlatforms) = postSolution
		{EBEF8CE1-8AD1-4726-B142-1E3F0E180A54}.Debug|Any CPU.ActiveCfg = Debug|Any CPU
		{EBEF8CE1-8AD1-4726-B142-1E3F0E180A54}.Debug|Any CPU.Build.0 = Debug|Any CPU
		{EBEF8CE1-8AD1-4726-B142-1E3F0E180A54}.Release|Any CPU.ActiveCfg = Release|Any CPU
		{EBEF8CE1-8AD1-4726-B142-1E3F0E180A54}.Release|Any CPU.Build.0 = Release|Any CPU
	EndGlobalSection
	GlobalSection(SolutionProperties) = preSolution
		HideSolutionNode = FALSE
	EndGlobalSection
	GlobalSection(ExtensibilityGlobals) = postSolution
		SolutionGuid = {02A906BA-9728-441F-BCC2-1FBF744E3CAA}
	EndGlobalSection
EndGlobal
